
Microsoft Visual Studio Solution File, Format Version 12.00
# Visual Studio 15
VisualStudioVersion = 15.0.26228.9
MinimumVisualStudioVersion = 10.0.40219.1
Project("{FAE04EC0-301F-11D3-BF4B-00C04F79EFBC}") = "WebApiNetFramework", "WebApiNetFramework\WebApiNetFramework.csproj", "{B7F732C4-BE92-4534-A386-92E8B28776D1}"
EndProject
Project("{FAE04EC0-301F-11D3-BF4B-00C04F79EFBC}") = "ConsoleAppNetFramework", "ConsoleAppNetFramework\ConsoleAppNetFramework.csproj", "{89C13FEA-4F82-42E5-9A81-17BA359CC2C9}"
EndProject
Project("{FAE04EC0-301F-11D3-BF4B-00C04F79EFBC}") = "ConsoleAppNetCore", "ConsoleAppNetCore\ConsoleAppNetCore.csproj", "{7DD656DB-DB30-477D-97D7-5E8F2DBB6B75}"
EndProject
Project("{FAE04EC0-301F-11D3-BF4B-00C04F79EFBC}") = "WebApiNetCore", "WebApiNetCore\WebApiNetCore.csproj", "{4BB9C95F-E6DA-4798-9461-FC3FACAFC84D}"
EndProject
Global
	GlobalSection(SolutionConfigurationPlatforms) = preSolution
		Debug|Any CPU = Debug|Any CPU
		Release|Any CPU = Release|Any CPU
	EndGlobalSection
	GlobalSection(ProjectConfigurationPlatforms) = postSolution
		{B7F732C4-BE92-4534-A386-92E8B28776D1}.Debug|Any CPU.ActiveCfg = Debug|Any CPU
		{B7F732C4-BE92-4534-A386-92E8B28776D1}.Debug|Any CPU.Build.0 = Debug|Any CPU
		{B7F732C4-BE92-4534-A386-92E8B28776D1}.Release|Any CPU.ActiveCfg = Release|Any CPU
		{B7F732C4-BE92-4534-A386-92E8B28776D1}.Release|Any CPU.Build.0 = Release|Any CPU
		{89C13FEA-4F82-42E5-9A81-17BA359CC2C9}.Debug|Any CPU.ActiveCfg = Debug|Any CPU
		{89C13FEA-4F82-42E5-9A81-17BA359CC2C9}.Debug|Any CPU.Build.0 = Debug|Any CPU
		{89C13FEA-4F82-42E5-9A81-17BA359CC2C9}.Release|Any CPU.ActiveCfg = Release|Any CPU
		{89C13FEA-4F82-42E5-9A81-17BA359CC2C9}.Release|Any CPU.Build.0 = Release|Any CPU
		{7DD656DB-DB30-477D-97D7-5E8F2DBB6B75}.Debug|Any CPU.ActiveCfg = Debug|Any CPU
		{7DD656DB-DB30-477D-97D7-5E8F2DBB6B75}.Debug|Any CPU.Build.0 = Debug|Any CPU
		{7DD656DB-DB30-477D-97D7-5E8F2DBB6B75}.Release|Any CPU.ActiveCfg = Release|Any CPU
		{7DD656DB-DB30-477D-97D7-5E8F2DBB6B75}.Release|Any CPU.Build.0 = Release|Any CPU
		{4BB9C95F-E6DA-4798-9461-FC3FACAFC84D}.Debug|Any CPU.ActiveCfg = Debug|Any CPU
		{4BB9C95F-E6DA-4798-9461-FC3FACAFC84D}.Debug|Any CPU.Build.0 = Debug|Any CPU
		{4BB9C95F-E6DA-4798-9461-FC3FACAFC84D}.Release|Any CPU.ActiveCfg = Release|Any CPU
		{4BB9C95F-E6DA-4798-9461-FC3FACAFC84D}.Release|Any CPU.Build.0 = Release|Any CPU
	EndGlobalSection
	GlobalSection(SolutionProperties) = preSolution
		HideSolutionNode = FALSE
	EndGlobalSection
EndGlobal
